
Microsoft Visual Studio Solution File, Format Version 12.00
# Visual Studio Version 17
VisualStudioVersion = 17.10.35013.160
MinimumVisualStudioVersion = 10.0.40219.1
Project("{FAE04EC0-301F-11D3-BF4B-00C04F79EFBC}") = "TranslateCS2.ModExample", "TranslateCS2.ModExample\TranslateCS2.ModExample.csproj", "{3F0825F1-8B4E-4188-A9F0-72FE9C1BFD0B}"
EndProject
Global
	GlobalSection(SolutionConfigurationPlatforms) = preSolution
		Debug|Any CPU = Debug|Any CPU
		Release|Any CPU = Release|Any CPU
	EndGlobalSection
	GlobalSection(ProjectConfigurationPlatforms) = postSolution
		{3F0825F1-8B4E-4188-A9F0-72FE9C1BFD0B}.Debug|Any CPU.ActiveCfg = Debug|Any CPU
		{3F0825F1-8B4E-4188-A9F0-72FE9C1BFD0B}.Debug|Any CPU.Build.0 = Debug|Any CPU
		{3F0825F1-8B4E-4188-A9F0-72FE9C1BFD0B}.Release|Any CPU.ActiveCfg = Release|Any CPU
		{3F0825F1-8B4E-4188-A9F0-72FE9C1BFD0B}.Release|Any CPU.Build.0 = Release|Any CPU
	EndGlobalSection
	GlobalSection(SolutionProperties) = preSolution
		HideSolutionNode = FALSE
	EndGlobalSection
	GlobalSection(ExtensibilityGlobals) = postSolution
		SolutionGuid = {D3AB284A-F0D9-43B0-8383-CA5EC77E952D}
	EndGlobalSection
EndGlobal
