
Microsoft Visual Studio Solution File, Format Version 12.00
# Visual Studio Version 17
VisualStudioVersion = 17.9.34622.214
MinimumVisualStudioVersion = 10.0.40219.1
Project("{9A19103F-16F7-4668-BE54-9A1E7A4F7556}") = "TranslateCS2", "TranslateCS2\TranslateCS2.csproj", "{49173AFD-1168-4846-BF7F-766BF7C45AF2}"
EndProject
Project("{2150E333-8FDC-42A3-9474-1A3956D46DE8}") = "Projektmappenelemente", "Projektmappenelemente", "{8A64B3C1-4D2C-4210-9BE5-DD48545371BA}"
	ProjectSection(SolutionItems) = preProject
		.editorconfig = .editorconfig
		.gitattributes = .gitattributes
		.gitignore = .gitignore
		latest = latest
		README.md = README.md
	EndProjectSection
EndProject
Project("{9A19103F-16F7-4668-BE54-9A1E7A4F7556}") = "TranslateCS2.Core", "TranslateCS2.Core\TranslateCS2.Core.csproj", "{02363F97-C05E-4C86-BE17-1B5B265FCE82}"
EndProject
Project("{9A19103F-16F7-4668-BE54-9A1E7A4F7556}") = "TranslateCS2.ExImport", "TranslateCS2.ExImport\TranslateCS2.ExImport.csproj", "{6292314F-4704-4F20-BB52-ECFAFC27F8A5}"
EndProject
Project("{9A19103F-16F7-4668-BE54-9A1E7A4F7556}") = "TranslateCS2.Sessions", "TranslateCS2.Sessions\TranslateCS2.Sessions.csproj", "{0CD6B0BB-0B5F-464D-84AA-D7C45C6941F8}"
EndProject
Project("{9A19103F-16F7-4668-BE54-9A1E7A4F7556}") = "TranslateCS2.Edits", "TranslateCS2.Edits\TranslateCS2.Edits.csproj", "{F7B052DB-A5DB-4D91-9769-CB2107E265D4}"
EndProject
Project("{9A19103F-16F7-4668-BE54-9A1E7A4F7556}") = "TranslateCS2.TextSearch", "TranslateCS2.TextSearch\TranslateCS2.TextSearch.csproj", "{F05441C9-D72F-4CDA-B36B-E3979383DA4C}"
EndProject
Project("{9A19103F-16F7-4668-BE54-9A1E7A4F7556}") = "TranslateCS2.TranslatorsExample", "TranslateCS2.TranslatorsExample\TranslateCS2.TranslatorsExample.csproj", "{59BDEC92-D691-4FD5-9278-62F5A801F55A}"
EndProject
Project("{FAE04EC0-301F-11D3-BF4B-00C04F79EFBC}") = "TranslateCS2.ModBridge", "TranslateCS2.ModBridge\TranslateCS2.ModBridge.csproj", "{1A3973E0-9D33-4743-80A3-38A09EB535D4}"
EndProject
Project("{9A19103F-16F7-4668-BE54-9A1E7A4F7556}") = "TranslateCS2.Mod", "TranslateCS2.Mod\TranslateCS2.Mod.csproj", "{8C68D9F4-A7F8-464D-9F17-FD0738154999}"
EndProject
Global
	GlobalSection(SolutionConfigurationPlatforms) = preSolution
		ClientApp|Any CPU = ClientApp|Any CPU
		Debug|Any CPU = Debug|Any CPU
		Release|Any CPU = Release|Any CPU
		UpdateApp|Any CPU = UpdateApp|Any CPU
	EndGlobalSection
	GlobalSection(ProjectConfigurationPlatforms) = postSolution
		{49173AFD-1168-4846-BF7F-766BF7C45AF2}.ClientApp|Any CPU.ActiveCfg = Debug|Any CPU
		{49173AFD-1168-4846-BF7F-766BF7C45AF2}.ClientApp|Any CPU.Build.0 = Debug|Any CPU
		{49173AFD-1168-4846-BF7F-766BF7C45AF2}.Debug|Any CPU.ActiveCfg = Debug|Any CPU
		{49173AFD-1168-4846-BF7F-766BF7C45AF2}.Debug|Any CPU.Build.0 = Debug|Any CPU
		{49173AFD-1168-4846-BF7F-766BF7C45AF2}.Release|Any CPU.ActiveCfg = Release|Any CPU
		{49173AFD-1168-4846-BF7F-766BF7C45AF2}.Release|Any CPU.Build.0 = Release|Any CPU
		{49173AFD-1168-4846-BF7F-766BF7C45AF2}.UpdateApp|Any CPU.ActiveCfg = Debug|Any CPU
		{49173AFD-1168-4846-BF7F-766BF7C45AF2}.UpdateApp|Any CPU.Build.0 = Debug|Any CPU
		{02363F97-C05E-4C86-BE17-1B5B265FCE82}.ClientApp|Any CPU.ActiveCfg = Debug|Any CPU
		{02363F97-C05E-4C86-BE17-1B5B265FCE82}.ClientApp|Any CPU.Build.0 = Debug|Any CPU
		{02363F97-C05E-4C86-BE17-1B5B265FCE82}.Debug|Any CPU.ActiveCfg = Debug|Any CPU
		{02363F97-C05E-4C86-BE17-1B5B265FCE82}.Debug|Any CPU.Build.0 = Debug|Any CPU
		{02363F97-C05E-4C86-BE17-1B5B265FCE82}.Release|Any CPU.ActiveCfg = Release|Any CPU
		{02363F97-C05E-4C86-BE17-1B5B265FCE82}.Release|Any CPU.Build.0 = Release|Any CPU
		{02363F97-C05E-4C86-BE17-1B5B265FCE82}.UpdateApp|Any CPU.ActiveCfg = Debug|Any CPU
		{02363F97-C05E-4C86-BE17-1B5B265FCE82}.UpdateApp|Any CPU.Build.0 = Debug|Any CPU
		{6292314F-4704-4F20-BB52-ECFAFC27F8A5}.ClientApp|Any CPU.ActiveCfg = Debug|Any CPU
		{6292314F-4704-4F20-BB52-ECFAFC27F8A5}.ClientApp|Any CPU.Build.0 = Debug|Any CPU
		{6292314F-4704-4F20-BB52-ECFAFC27F8A5}.Debug|Any CPU.ActiveCfg = Debug|Any CPU
		{6292314F-4704-4F20-BB52-ECFAFC27F8A5}.Debug|Any CPU.Build.0 = Debug|Any CPU
		{6292314F-4704-4F20-BB52-ECFAFC27F8A5}.Release|Any CPU.ActiveCfg = Release|Any CPU
		{6292314F-4704-4F20-BB52-ECFAFC27F8A5}.Release|Any CPU.Build.0 = Release|Any CPU
		{6292314F-4704-4F20-BB52-ECFAFC27F8A5}.UpdateApp|Any CPU.ActiveCfg = Debug|Any CPU
		{6292314F-4704-4F20-BB52-ECFAFC27F8A5}.UpdateApp|Any CPU.Build.0 = Debug|Any CPU
		{0CD6B0BB-0B5F-464D-84AA-D7C45C6941F8}.ClientApp|Any CPU.ActiveCfg = Debug|Any CPU
		{0CD6B0BB-0B5F-464D-84AA-D7C45C6941F8}.ClientApp|Any CPU.Build.0 = Debug|Any CPU
		{0CD6B0BB-0B5F-464D-84AA-D7C45C6941F8}.Debug|Any CPU.ActiveCfg = Debug|Any CPU
		{0CD6B0BB-0B5F-464D-84AA-D7C45C6941F8}.Debug|Any CPU.Build.0 = Debug|Any CPU
		{0CD6B0BB-0B5F-464D-84AA-D7C45C6941F8}.Release|Any CPU.ActiveCfg = Release|Any CPU
		{0CD6B0BB-0B5F-464D-84AA-D7C45C6941F8}.Release|Any CPU.Build.0 = Release|Any CPU
		{0CD6B0BB-0B5F-464D-84AA-D7C45C6941F8}.UpdateApp|Any CPU.ActiveCfg = Debug|Any CPU
		{0CD6B0BB-0B5F-464D-84AA-D7C45C6941F8}.UpdateApp|Any CPU.Build.0 = Debug|Any CPU
		{F7B052DB-A5DB-4D91-9769-CB2107E265D4}.ClientApp|Any CPU.ActiveCfg = Debug|Any CPU
		{F7B052DB-A5DB-4D91-9769-CB2107E265D4}.ClientApp|Any CPU.Build.0 = Debug|Any CPU
		{F7B052DB-A5DB-4D91-9769-CB2107E265D4}.Debug|Any CPU.ActiveCfg = Debug|Any CPU
		{F7B052DB-A5DB-4D91-9769-CB2107E265D4}.Debug|Any CPU.Build.0 = Debug|Any CPU
		{F7B052DB-A5DB-4D91-9769-CB2107E265D4}.Release|Any CPU.ActiveCfg = Release|Any CPU
		{F7B052DB-A5DB-4D91-9769-CB2107E265D4}.Release|Any CPU.Build.0 = Release|Any CPU
		{F7B052DB-A5DB-4D91-9769-CB2107E265D4}.UpdateApp|Any CPU.ActiveCfg = Debug|Any CPU
		{F7B052DB-A5DB-4D91-9769-CB2107E265D4}.UpdateApp|Any CPU.Build.0 = Debug|Any CPU
		{F05441C9-D72F-4CDA-B36B-E3979383DA4C}.ClientApp|Any CPU.ActiveCfg = Debug|Any CPU
		{F05441C9-D72F-4CDA-B36B-E3979383DA4C}.ClientApp|Any CPU.Build.0 = Debug|Any CPU
		{F05441C9-D72F-4CDA-B36B-E3979383DA4C}.Debug|Any CPU.ActiveCfg = Debug|Any CPU
		{F05441C9-D72F-4CDA-B36B-E3979383DA4C}.Debug|Any CPU.Build.0 = Debug|Any CPU
		{F05441C9-D72F-4CDA-B36B-E3979383DA4C}.Release|Any CPU.ActiveCfg = Release|Any CPU
		{F05441C9-D72F-4CDA-B36B-E3979383DA4C}.Release|Any CPU.Build.0 = Release|Any CPU
		{F05441C9-D72F-4CDA-B36B-E3979383DA4C}.UpdateApp|Any CPU.ActiveCfg = Debug|Any CPU
		{F05441C9-D72F-4CDA-B36B-E3979383DA4C}.UpdateApp|Any CPU.Build.0 = Debug|Any CPU
		{59BDEC92-D691-4FD5-9278-62F5A801F55A}.ClientApp|Any CPU.ActiveCfg = Debug|Any CPU
		{59BDEC92-D691-4FD5-9278-62F5A801F55A}.ClientApp|Any CPU.Build.0 = Debug|Any CPU
		{59BDEC92-D691-4FD5-9278-62F5A801F55A}.Debug|Any CPU.ActiveCfg = Debug|Any CPU
		{59BDEC92-D691-4FD5-9278-62F5A801F55A}.Debug|Any CPU.Build.0 = Debug|Any CPU
		{59BDEC92-D691-4FD5-9278-62F5A801F55A}.Release|Any CPU.ActiveCfg = Release|Any CPU
		{59BDEC92-D691-4FD5-9278-62F5A801F55A}.Release|Any CPU.Build.0 = Release|Any CPU
		{59BDEC92-D691-4FD5-9278-62F5A801F55A}.UpdateApp|Any CPU.ActiveCfg = Debug|Any CPU
		{59BDEC92-D691-4FD5-9278-62F5A801F55A}.UpdateApp|Any CPU.Build.0 = Debug|Any CPU
		{1A3973E0-9D33-4743-80A3-38A09EB535D4}.ClientApp|Any CPU.ActiveCfg = Debug|Any CPU
		{1A3973E0-9D33-4743-80A3-38A09EB535D4}.ClientApp|Any CPU.Build.0 = Debug|Any CPU
		{1A3973E0-9D33-4743-80A3-38A09EB535D4}.Debug|Any CPU.ActiveCfg = Debug|Any CPU
		{1A3973E0-9D33-4743-80A3-38A09EB535D4}.Debug|Any CPU.Build.0 = Debug|Any CPU
		{1A3973E0-9D33-4743-80A3-38A09EB535D4}.Release|Any CPU.ActiveCfg = Release|Any CPU
		{1A3973E0-9D33-4743-80A3-38A09EB535D4}.Release|Any CPU.Build.0 = Release|Any CPU
		{1A3973E0-9D33-4743-80A3-38A09EB535D4}.UpdateApp|Any CPU.ActiveCfg = Debug|Any CPU
		{1A3973E0-9D33-4743-80A3-38A09EB535D4}.UpdateApp|Any CPU.Build.0 = Debug|Any CPU
		{8C68D9F4-A7F8-464D-9F17-FD0738154999}.ClientApp|Any CPU.ActiveCfg = Debug|Any CPU
		{8C68D9F4-A7F8-464D-9F17-FD0738154999}.ClientApp|Any CPU.Build.0 = Debug|Any CPU
		{8C68D9F4-A7F8-464D-9F17-FD0738154999}.Debug|Any CPU.ActiveCfg = Debug|Any CPU
		{8C68D9F4-A7F8-464D-9F17-FD0738154999}.Debug|Any CPU.Build.0 = Debug|Any CPU
		{8C68D9F4-A7F8-464D-9F17-FD0738154999}.Release|Any CPU.ActiveCfg = Release|Any CPU
		{8C68D9F4-A7F8-464D-9F17-FD0738154999}.Release|Any CPU.Build.0 = Release|Any CPU
		{8C68D9F4-A7F8-464D-9F17-FD0738154999}.UpdateApp|Any CPU.ActiveCfg = Debug|Any CPU
		{8C68D9F4-A7F8-464D-9F17-FD0738154999}.UpdateApp|Any CPU.Build.0 = Debug|Any CPU
	EndGlobalSection
	GlobalSection(SolutionProperties) = preSolution
		HideSolutionNode = FALSE
	EndGlobalSection
	GlobalSection(ExtensibilityGlobals) = postSolution
		SolutionGuid = {D4AEC859-1929-4F91-8DE1-AA91E9C7B930}
	EndGlobalSection
EndGlobal
