
Microsoft Visual Studio Solution File, Format Version 12.00
# Visual Studio Version 17
VisualStudioVersion = 17.9.34622.214
MinimumVisualStudioVersion = 10.0.40219.1
Project("{9A19103F-16F7-4668-BE54-9A1E7A4F7556}") = "TranslateCS2", "TranslateCS2\TranslateCS2.csproj", "{49173AFD-1168-4846-BF7F-766BF7C45AF2}"
EndProject
Project("{2150E333-8FDC-42A3-9474-1A3956D46DE8}") = "Projektmappenelemente", "Projektmappenelemente", "{8A64B3C1-4D2C-4210-9BE5-DD48545371BA}"
	ProjectSection(SolutionItems) = preProject
		.editorconfig = .editorconfig
		.gitattributes = .gitattributes
		.gitignore = .gitignore
		README.md = README.md
	EndProjectSection
EndProject
Global
	GlobalSection(SolutionConfigurationPlatforms) = preSolution
		ClientApp|Any CPU = ClientApp|Any CPU
		Debug|Any CPU = Debug|Any CPU
		Release|Any CPU = Release|Any CPU
		UpdateApp|Any CPU = UpdateApp|Any CPU
	EndGlobalSection
	GlobalSection(ProjectConfigurationPlatforms) = postSolution
		{49173AFD-1168-4846-BF7F-766BF7C45AF2}.ClientApp|Any CPU.ActiveCfg = Debug|Any CPU
		{49173AFD-1168-4846-BF7F-766BF7C45AF2}.ClientApp|Any CPU.Build.0 = Debug|Any CPU
		{49173AFD-1168-4846-BF7F-766BF7C45AF2}.Debug|Any CPU.ActiveCfg = Debug|Any CPU
		{49173AFD-1168-4846-BF7F-766BF7C45AF2}.Debug|Any CPU.Build.0 = Debug|Any CPU
		{49173AFD-1168-4846-BF7F-766BF7C45AF2}.Release|Any CPU.ActiveCfg = Release|Any CPU
		{49173AFD-1168-4846-BF7F-766BF7C45AF2}.Release|Any CPU.Build.0 = Release|Any CPU
		{49173AFD-1168-4846-BF7F-766BF7C45AF2}.UpdateApp|Any CPU.ActiveCfg = Debug|Any CPU
		{49173AFD-1168-4846-BF7F-766BF7C45AF2}.UpdateApp|Any CPU.Build.0 = Debug|Any CPU
	EndGlobalSection
	GlobalSection(SolutionProperties) = preSolution
		HideSolutionNode = FALSE
	EndGlobalSection
	GlobalSection(ExtensibilityGlobals) = postSolution
		SolutionGuid = {D4AEC859-1929-4F91-8DE1-AA91E9C7B930}
	EndGlobalSection
EndGlobal
