Microsoft Visual Studio Solution File, Format Version 12.00
# Visual Studio Version 17
VisualStudioVersion = 17.9.34622.214
MinimumVisualStudioVersion = 10.0.40219.1
Project("{9A19103F-16F7-4668-BE54-9A1E7A4F7556}") = "TranslateCS2", "TranslateCS2\TranslateCS2.csproj", "{49173AFD-1168-4846-BF7F-766BF7C45AF2}"
EndProject
Project("{9A19103F-16F7-4668-BE54-9A1E7A4F7556}") = "TranslateCS2.Core", "TranslateCS2.Core\TranslateCS2.Core.csproj", "{02363F97-C05E-4C86-BE17-1B5B265FCE82}"
EndProject
Project("{9A19103F-16F7-4668-BE54-9A1E7A4F7556}") = "TranslateCS2.ExImport", "TranslateCS2.ExImport\TranslateCS2.ExImport.csproj", "{6292314F-4704-4F20-BB52-ECFAFC27F8A5}"
EndProject
Project("{9A19103F-16F7-4668-BE54-9A1E7A4F7556}") = "TranslateCS2.Sessions", "TranslateCS2.Sessions\TranslateCS2.Sessions.csproj", "{0CD6B0BB-0B5F-464D-84AA-D7C45C6941F8}"
EndProject
Project("{9A19103F-16F7-4668-BE54-9A1E7A4F7556}") = "TranslateCS2.Edits", "TranslateCS2.Edits\TranslateCS2.Edits.csproj", "{F7B052DB-A5DB-4D91-9769-CB2107E265D4}"
EndProject
Project("{9A19103F-16F7-4668-BE54-9A1E7A4F7556}") = "TranslateCS2.TextSearch", "TranslateCS2.TextSearch\TranslateCS2.TextSearch.csproj", "{F05441C9-D72F-4CDA-B36B-E3979383DA4C}"
EndProject
Project("{9A19103F-16F7-4668-BE54-9A1E7A4F7556}") = "TranslateCS2.TranslatorsExample", "TranslateCS2.TranslatorsExample\TranslateCS2.TranslatorsExample.csproj", "{59BDEC92-D691-4FD5-9278-62F5A801F55A}"
EndProject
Project("{9A19103F-16F7-4668-BE54-9A1E7A4F7556}") = "TranslateCS2.Mod", "TranslateCS2.Mod\TranslateCS2.Mod.csproj", "{8C68D9F4-A7F8-464D-9F17-FD0738154999}"
EndProject
Project("{9A19103F-16F7-4668-BE54-9A1E7A4F7556}") = "TranslateCS2.Inf", "TranslateCS2.Inf\TranslateCS2.Inf.csproj", "{9C666368-C8E2-4B19-976D-182EA352DE12}"
EndProject
Project("{9A19103F-16F7-4668-BE54-9A1E7A4F7556}") = "TranslateCS2.ZTests", "TranslateCS2.ZTests\TranslateCS2.ZTests.csproj", "{A2C813BC-3DC1-4279-9B11-838789108585}"
EndProject
Project("{9A19103F-16F7-4668-BE54-9A1E7A4F7556}") = "TranslateCS2.ZZZTestLib", "TranslateCS2.ZZZTestLib\TranslateCS2.ZZZTestLib.csproj", "{0004269B-33DA-449C-9155-184917304B04}"
EndProject
Project("{9A19103F-16F7-4668-BE54-9A1E7A4F7556}") = "TranslateCS2.ZModTests", "TranslateCS2.ZModTests\TranslateCS2.ZModTests.csproj", "{80BBCEF3-8FA3-4132-AE2C-59025DA8E2C3}"
EndProject
Project("{2150E333-8FDC-42A3-9474-1A3956D46DE8}") = "Solution Items", "Solution Items", "{E97AAF59-9B53-45E5-B65E-601F69747144}"
	ProjectSection(SolutionItems) = preProject
		.editorconfig = .editorconfig
		.gitattributes = .gitattributes
		.gitignore = .gitignore
		finecodecoverage-settings.xml = finecodecoverage-settings.xml
		latest = latest
		LICENSE = LICENSE
		README.md = README.md
	EndProjectSection
EndProject
Project("{9A19103F-16F7-4668-BE54-9A1E7A4F7556}") = "TranslateCS2.ModExample", "TranslateCS2.ModExample\TranslateCS2.ModExample.csproj", "{C38531B2-806B-4D91-87FF-13F6ABFFF078}"
EndProject
Global
	GlobalSection(SolutionConfigurationPlatforms) = preSolution
		Debug|Any CPU = Debug|Any CPU
		Release|Any CPU = Release|Any CPU
	EndGlobalSection
	GlobalSection(ProjectConfigurationPlatforms) = postSolution
		{49173AFD-1168-4846-BF7F-766BF7C45AF2}.Debug|Any CPU.ActiveCfg = Debug|Any CPU
		{49173AFD-1168-4846-BF7F-766BF7C45AF2}.Debug|Any CPU.Build.0 = Debug|Any CPU
		{49173AFD-1168-4846-BF7F-766BF7C45AF2}.Release|Any CPU.ActiveCfg = Release|Any CPU
		{49173AFD-1168-4846-BF7F-766BF7C45AF2}.Release|Any CPU.Build.0 = Release|Any CPU
		{02363F97-C05E-4C86-BE17-1B5B265FCE82}.Debug|Any CPU.ActiveCfg = Debug|Any CPU
		{02363F97-C05E-4C86-BE17-1B5B265FCE82}.Debug|Any CPU.Build.0 = Debug|Any CPU
		{02363F97-C05E-4C86-BE17-1B5B265FCE82}.Release|Any CPU.ActiveCfg = Release|Any CPU
		{02363F97-C05E-4C86-BE17-1B5B265FCE82}.Release|Any CPU.Build.0 = Release|Any CPU
		{6292314F-4704-4F20-BB52-ECFAFC27F8A5}.Debug|Any CPU.ActiveCfg = Debug|Any CPU
		{6292314F-4704-4F20-BB52-ECFAFC27F8A5}.Debug|Any CPU.Build.0 = Debug|Any CPU
		{6292314F-4704-4F20-BB52-ECFAFC27F8A5}.Release|Any CPU.ActiveCfg = Release|Any CPU
		{6292314F-4704-4F20-BB52-ECFAFC27F8A5}.Release|Any CPU.Build.0 = Release|Any CPU
		{0CD6B0BB-0B5F-464D-84AA-D7C45C6941F8}.Debug|Any CPU.ActiveCfg = Debug|Any CPU
		{0CD6B0BB-0B5F-464D-84AA-D7C45C6941F8}.Debug|Any CPU.Build.0 = Debug|Any CPU
		{0CD6B0BB-0B5F-464D-84AA-D7C45C6941F8}.Release|Any CPU.ActiveCfg = Release|Any CPU
		{0CD6B0BB-0B5F-464D-84AA-D7C45C6941F8}.Release|Any CPU.Build.0 = Release|Any CPU
		{F7B052DB-A5DB-4D91-9769-CB2107E265D4}.Debug|Any CPU.ActiveCfg = Debug|Any CPU
		{F7B052DB-A5DB-4D91-9769-CB2107E265D4}.Debug|Any CPU.Build.0 = Debug|Any CPU
		{F7B052DB-A5DB-4D91-9769-CB2107E265D4}.Release|Any CPU.ActiveCfg = Release|Any CPU
		{F7B052DB-A5DB-4D91-9769-CB2107E265D4}.Release|Any CPU.Build.0 = Release|Any CPU
		{F05441C9-D72F-4CDA-B36B-E3979383DA4C}.Debug|Any CPU.ActiveCfg = Debug|Any CPU
		{F05441C9-D72F-4CDA-B36B-E3979383DA4C}.Debug|Any CPU.Build.0 = Debug|Any CPU
		{F05441C9-D72F-4CDA-B36B-E3979383DA4C}.Release|Any CPU.ActiveCfg = Release|Any CPU
		{F05441C9-D72F-4CDA-B36B-E3979383DA4C}.Release|Any CPU.Build.0 = Release|Any CPU
		{59BDEC92-D691-4FD5-9278-62F5A801F55A}.Debug|Any CPU.ActiveCfg = Debug|Any CPU
		{59BDEC92-D691-4FD5-9278-62F5A801F55A}.Debug|Any CPU.Build.0 = Debug|Any CPU
		{59BDEC92-D691-4FD5-9278-62F5A801F55A}.Release|Any CPU.ActiveCfg = Release|Any CPU
		{59BDEC92-D691-4FD5-9278-62F5A801F55A}.Release|Any CPU.Build.0 = Release|Any CPU
		{8C68D9F4-A7F8-464D-9F17-FD0738154999}.Debug|Any CPU.ActiveCfg = Debug|Any CPU
		{8C68D9F4-A7F8-464D-9F17-FD0738154999}.Debug|Any CPU.Build.0 = Debug|Any CPU
		{8C68D9F4-A7F8-464D-9F17-FD0738154999}.Release|Any CPU.ActiveCfg = Release|Any CPU
		{8C68D9F4-A7F8-464D-9F17-FD0738154999}.Release|Any CPU.Build.0 = Release|Any CPU
		{9C666368-C8E2-4B19-976D-182EA352DE12}.Debug|Any CPU.ActiveCfg = Debug|Any CPU
		{9C666368-C8E2-4B19-976D-182EA352DE12}.Debug|Any CPU.Build.0 = Debug|Any CPU
		{9C666368-C8E2-4B19-976D-182EA352DE12}.Release|Any CPU.ActiveCfg = Release|Any CPU
		{9C666368-C8E2-4B19-976D-182EA352DE12}.Release|Any CPU.Build.0 = Release|Any CPU
		{A2C813BC-3DC1-4279-9B11-838789108585}.Debug|Any CPU.ActiveCfg = Debug|Any CPU
		{A2C813BC-3DC1-4279-9B11-838789108585}.Debug|Any CPU.Build.0 = Debug|Any CPU
		{A2C813BC-3DC1-4279-9B11-838789108585}.Release|Any CPU.ActiveCfg = Release|Any CPU
		{A2C813BC-3DC1-4279-9B11-838789108585}.Release|Any CPU.Build.0 = Release|Any CPU
		{0004269B-33DA-449C-9155-184917304B04}.Debug|Any CPU.ActiveCfg = Debug|Any CPU
		{0004269B-33DA-449C-9155-184917304B04}.Debug|Any CPU.Build.0 = Debug|Any CPU
		{0004269B-33DA-449C-9155-184917304B04}.Release|Any CPU.ActiveCfg = Release|Any CPU
		{0004269B-33DA-449C-9155-184917304B04}.Release|Any CPU.Build.0 = Release|Any CPU
		{80BBCEF3-8FA3-4132-AE2C-59025DA8E2C3}.Debug|Any CPU.ActiveCfg = Debug|Any CPU
		{80BBCEF3-8FA3-4132-AE2C-59025DA8E2C3}.Debug|Any CPU.Build.0 = Debug|Any CPU
		{80BBCEF3-8FA3-4132-AE2C-59025DA8E2C3}.Release|Any CPU.ActiveCfg = Release|Any CPU
		{80BBCEF3-8FA3-4132-AE2C-59025DA8E2C3}.Release|Any CPU.Build.0 = Release|Any CPU
		{C38531B2-806B-4D91-87FF-13F6ABFFF078}.Debug|Any CPU.ActiveCfg = Debug|Any CPU
		{C38531B2-806B-4D91-87FF-13F6ABFFF078}.Debug|Any CPU.Build.0 = Debug|Any CPU
		{C38531B2-806B-4D91-87FF-13F6ABFFF078}.Release|Any CPU.ActiveCfg = Release|Any CPU
		{C38531B2-806B-4D91-87FF-13F6ABFFF078}.Release|Any CPU.Build.0 = Release|Any CPU
	EndGlobalSection
	GlobalSection(SolutionProperties) = preSolution
		HideSolutionNode = FALSE
	EndGlobalSection
	GlobalSection(ExtensibilityGlobals) = postSolution
		SolutionGuid = {D4AEC859-1929-4F91-8DE1-AA91E9C7B930}
	EndGlobalSection
EndGlobal
